
Microsoft Visual Studio Solution File, Format Version 12.00
# Visual Studio 2012
Project("{FAE04EC0-301F-11D3-BF4B-00C04F79EFBC}") = "Calculation", "LoadFlowCalculation\Calculation.csproj", "{D019F54A-FB70-4BBC-AB53-102C78E54880}"
	ProjectSection(ProjectDependencies) = postProject
		{484F301D-5A80-460C-8267-189C879A2FEA} = {484F301D-5A80-460C-8267-189C879A2FEA}
	EndProjectSection
EndProject
Project("{FAE04EC0-301F-11D3-BF4B-00C04F79EFBC}") = "CalculationTest", "LoadFlowCalculationTest\CalculationTest.csproj", "{EE5F94A4-9582-4DCA-93C2-8ADA4635D824}"
	ProjectSection(ProjectDependencies) = postProject
		{484F301D-5A80-460C-8267-189C879A2FEA} = {484F301D-5A80-460C-8267-189C879A2FEA}
	EndProjectSection
EndProject
Project("{FAE04EC0-301F-11D3-BF4B-00C04F79EFBC}") = "AnalyticContinuation", "AnalyticContinuation\AnalyticContinuation.csproj", "{3726D19C-8B14-4BA4-B193-54973A802278}"
EndProject
Project("{FAE04EC0-301F-11D3-BF4B-00C04F79EFBC}") = "AnalyticContinuationTest", "AnalyticContinuationTest\AnalyticContinuationTest.csproj", "{6289EE1B-A390-4FE6-9899-D1359ACBB4AA}"
EndProject
Project("{FAE04EC0-301F-11D3-BF4B-00C04F79EFBC}") = "UnitTestHelper", "UnitTestHelper\UnitTestHelper.csproj", "{42A09A84-3AFE-4780-B1D1-1B0FD1EA5D15}"
EndProject
Project("{2150E333-8FDC-42A3-9474-1A3956D46DE8}") = ".nuget", ".nuget", "{51E01E47-9608-4499-8AD7-04B6EEBD48CA}"
	ProjectSection(SolutionItems) = preProject
		.nuget\NuGet.Config = .nuget\NuGet.Config
		.nuget\NuGet.exe = .nuget\NuGet.exe
		.nuget\NuGet.targets = .nuget\NuGet.targets
	EndProjectSection
EndProject
Project("{FAE04EC0-301F-11D3-BF4B-00C04F79EFBC}") = "MathExtensions", "MathExtensions\MathExtensions.csproj", "{D6BD0D66-5370-49B6-AE0B-AC6B80BE9AFB}"
EndProject
Project("{FAE04EC0-301F-11D3-BF4B-00C04F79EFBC}") = "MathExtensionsTest", "MathExtensionsTest\MathExtensionsTest.csproj", "{5501042F-A420-4D9F-AFE2-9B94E72468C8}"
EndProject
Project("{FAE04EC0-301F-11D3-BF4B-00C04F79EFBC}") = "CalculationComparison", "LoadFlowCalculationComparison\CalculationComparison.csproj", "{113F2CBC-7153-49F0-929A-0E3989318DA9}"
	ProjectSection(ProjectDependencies) = postProject
		{484F301D-5A80-460C-8267-189C879A2FEA} = {484F301D-5A80-460C-8267-189C879A2FEA}
	EndProjectSection
EndProject
Project("{8BC9CEB8-8B4A-11D0-8D11-00A0C91BC942}") = "HELM", "LoadFlowCalculationHELM\LoadFlowCalculationHELM.vcxproj", "{484F301D-5A80-460C-8267-189C879A2FEA}"
EndProject
Project("{FAE04EC0-301F-11D3-BF4B-00C04F79EFBC}") = "Experiment", "Experiment\Experiment.csproj", "{1284A9F1-2693-4849-AAF1-085E7492CD2F}"
EndProject
Global
	GlobalSection(SolutionConfigurationPlatforms) = preSolution
		Debug|Any CPU = Debug|Any CPU
		Debug|Mixed Platforms = Debug|Mixed Platforms
		Debug|Win32 = Debug|Win32
		Release|Any CPU = Release|Any CPU
		Release|Mixed Platforms = Release|Mixed Platforms
		Release|Win32 = Release|Win32
	EndGlobalSection
	GlobalSection(ProjectConfigurationPlatforms) = postSolution
		{D019F54A-FB70-4BBC-AB53-102C78E54880}.Debug|Any CPU.ActiveCfg = Debug|Any CPU
		{D019F54A-FB70-4BBC-AB53-102C78E54880}.Debug|Any CPU.Build.0 = Debug|Any CPU
		{D019F54A-FB70-4BBC-AB53-102C78E54880}.Debug|Mixed Platforms.ActiveCfg = Debug|Any CPU
		{D019F54A-FB70-4BBC-AB53-102C78E54880}.Debug|Mixed Platforms.Build.0 = Debug|Any CPU
		{D019F54A-FB70-4BBC-AB53-102C78E54880}.Debug|Win32.ActiveCfg = Debug|Any CPU
		{D019F54A-FB70-4BBC-AB53-102C78E54880}.Release|Any CPU.ActiveCfg = Release|Any CPU
		{D019F54A-FB70-4BBC-AB53-102C78E54880}.Release|Any CPU.Build.0 = Release|Any CPU
		{D019F54A-FB70-4BBC-AB53-102C78E54880}.Release|Mixed Platforms.ActiveCfg = Release|Any CPU
		{D019F54A-FB70-4BBC-AB53-102C78E54880}.Release|Mixed Platforms.Build.0 = Release|Any CPU
		{D019F54A-FB70-4BBC-AB53-102C78E54880}.Release|Win32.ActiveCfg = Release|Any CPU
		{EE5F94A4-9582-4DCA-93C2-8ADA4635D824}.Debug|Any CPU.ActiveCfg = Debug|Any CPU
		{EE5F94A4-9582-4DCA-93C2-8ADA4635D824}.Debug|Any CPU.Build.0 = Debug|Any CPU
		{EE5F94A4-9582-4DCA-93C2-8ADA4635D824}.Debug|Mixed Platforms.ActiveCfg = Debug|Any CPU
		{EE5F94A4-9582-4DCA-93C2-8ADA4635D824}.Debug|Mixed Platforms.Build.0 = Debug|Any CPU
		{EE5F94A4-9582-4DCA-93C2-8ADA4635D824}.Debug|Win32.ActiveCfg = Debug|Any CPU
		{EE5F94A4-9582-4DCA-93C2-8ADA4635D824}.Release|Any CPU.ActiveCfg = Release|Any CPU
		{EE5F94A4-9582-4DCA-93C2-8ADA4635D824}.Release|Any CPU.Build.0 = Release|Any CPU
		{EE5F94A4-9582-4DCA-93C2-8ADA4635D824}.Release|Mixed Platforms.ActiveCfg = Release|Any CPU
		{EE5F94A4-9582-4DCA-93C2-8ADA4635D824}.Release|Mixed Platforms.Build.0 = Release|Any CPU
		{EE5F94A4-9582-4DCA-93C2-8ADA4635D824}.Release|Win32.ActiveCfg = Release|Any CPU
		{3726D19C-8B14-4BA4-B193-54973A802278}.Debug|Any CPU.ActiveCfg = Debug|Any CPU
		{3726D19C-8B14-4BA4-B193-54973A802278}.Debug|Any CPU.Build.0 = Debug|Any CPU
		{3726D19C-8B14-4BA4-B193-54973A802278}.Debug|Mixed Platforms.ActiveCfg = Debug|Any CPU
		{3726D19C-8B14-4BA4-B193-54973A802278}.Debug|Mixed Platforms.Build.0 = Debug|Any CPU
		{3726D19C-8B14-4BA4-B193-54973A802278}.Debug|Win32.ActiveCfg = Debug|Any CPU
		{3726D19C-8B14-4BA4-B193-54973A802278}.Release|Any CPU.ActiveCfg = Release|Any CPU
		{3726D19C-8B14-4BA4-B193-54973A802278}.Release|Any CPU.Build.0 = Release|Any CPU
		{3726D19C-8B14-4BA4-B193-54973A802278}.Release|Mixed Platforms.ActiveCfg = Release|Any CPU
		{3726D19C-8B14-4BA4-B193-54973A802278}.Release|Mixed Platforms.Build.0 = Release|Any CPU
		{3726D19C-8B14-4BA4-B193-54973A802278}.Release|Win32.ActiveCfg = Release|Any CPU
		{6289EE1B-A390-4FE6-9899-D1359ACBB4AA}.Debug|Any CPU.ActiveCfg = Debug|Any CPU
		{6289EE1B-A390-4FE6-9899-D1359ACBB4AA}.Debug|Any CPU.Build.0 = Debug|Any CPU
		{6289EE1B-A390-4FE6-9899-D1359ACBB4AA}.Debug|Mixed Platforms.ActiveCfg = Debug|Any CPU
		{6289EE1B-A390-4FE6-9899-D1359ACBB4AA}.Debug|Mixed Platforms.Build.0 = Debug|Any CPU
		{6289EE1B-A390-4FE6-9899-D1359ACBB4AA}.Debug|Win32.ActiveCfg = Debug|Any CPU
		{6289EE1B-A390-4FE6-9899-D1359ACBB4AA}.Release|Any CPU.ActiveCfg = Release|Any CPU
		{6289EE1B-A390-4FE6-9899-D1359ACBB4AA}.Release|Any CPU.Build.0 = Release|Any CPU
		{6289EE1B-A390-4FE6-9899-D1359ACBB4AA}.Release|Mixed Platforms.ActiveCfg = Release|Any CPU
		{6289EE1B-A390-4FE6-9899-D1359ACBB4AA}.Release|Mixed Platforms.Build.0 = Release|Any CPU
		{6289EE1B-A390-4FE6-9899-D1359ACBB4AA}.Release|Win32.ActiveCfg = Release|Any CPU
		{42A09A84-3AFE-4780-B1D1-1B0FD1EA5D15}.Debug|Any CPU.ActiveCfg = Debug|Any CPU
		{42A09A84-3AFE-4780-B1D1-1B0FD1EA5D15}.Debug|Any CPU.Build.0 = Debug|Any CPU
		{42A09A84-3AFE-4780-B1D1-1B0FD1EA5D15}.Debug|Mixed Platforms.ActiveCfg = Debug|Any CPU
		{42A09A84-3AFE-4780-B1D1-1B0FD1EA5D15}.Debug|Mixed Platforms.Build.0 = Debug|Any CPU
		{42A09A84-3AFE-4780-B1D1-1B0FD1EA5D15}.Debug|Win32.ActiveCfg = Debug|Any CPU
		{42A09A84-3AFE-4780-B1D1-1B0FD1EA5D15}.Release|Any CPU.ActiveCfg = Release|Any CPU
		{42A09A84-3AFE-4780-B1D1-1B0FD1EA5D15}.Release|Any CPU.Build.0 = Release|Any CPU
		{42A09A84-3AFE-4780-B1D1-1B0FD1EA5D15}.Release|Mixed Platforms.ActiveCfg = Release|Any CPU
		{42A09A84-3AFE-4780-B1D1-1B0FD1EA5D15}.Release|Mixed Platforms.Build.0 = Release|Any CPU
		{42A09A84-3AFE-4780-B1D1-1B0FD1EA5D15}.Release|Win32.ActiveCfg = Release|Any CPU
		{D6BD0D66-5370-49B6-AE0B-AC6B80BE9AFB}.Debug|Any CPU.ActiveCfg = Debug|Any CPU
		{D6BD0D66-5370-49B6-AE0B-AC6B80BE9AFB}.Debug|Any CPU.Build.0 = Debug|Any CPU
		{D6BD0D66-5370-49B6-AE0B-AC6B80BE9AFB}.Debug|Mixed Platforms.ActiveCfg = Debug|Any CPU
		{D6BD0D66-5370-49B6-AE0B-AC6B80BE9AFB}.Debug|Mixed Platforms.Build.0 = Debug|Any CPU
		{D6BD0D66-5370-49B6-AE0B-AC6B80BE9AFB}.Debug|Win32.ActiveCfg = Debug|Any CPU
		{D6BD0D66-5370-49B6-AE0B-AC6B80BE9AFB}.Release|Any CPU.ActiveCfg = Release|Any CPU
		{D6BD0D66-5370-49B6-AE0B-AC6B80BE9AFB}.Release|Any CPU.Build.0 = Release|Any CPU
		{D6BD0D66-5370-49B6-AE0B-AC6B80BE9AFB}.Release|Mixed Platforms.ActiveCfg = Release|Any CPU
		{D6BD0D66-5370-49B6-AE0B-AC6B80BE9AFB}.Release|Mixed Platforms.Build.0 = Release|Any CPU
		{D6BD0D66-5370-49B6-AE0B-AC6B80BE9AFB}.Release|Win32.ActiveCfg = Release|Any CPU
		{5501042F-A420-4D9F-AFE2-9B94E72468C8}.Debug|Any CPU.ActiveCfg = Debug|Any CPU
		{5501042F-A420-4D9F-AFE2-9B94E72468C8}.Debug|Any CPU.Build.0 = Debug|Any CPU
		{5501042F-A420-4D9F-AFE2-9B94E72468C8}.Debug|Mixed Platforms.ActiveCfg = Debug|Any CPU
		{5501042F-A420-4D9F-AFE2-9B94E72468C8}.Debug|Mixed Platforms.Build.0 = Debug|Any CPU
		{5501042F-A420-4D9F-AFE2-9B94E72468C8}.Debug|Win32.ActiveCfg = Debug|Any CPU
		{5501042F-A420-4D9F-AFE2-9B94E72468C8}.Release|Any CPU.ActiveCfg = Release|Any CPU
		{5501042F-A420-4D9F-AFE2-9B94E72468C8}.Release|Any CPU.Build.0 = Release|Any CPU
		{5501042F-A420-4D9F-AFE2-9B94E72468C8}.Release|Mixed Platforms.ActiveCfg = Release|Any CPU
		{5501042F-A420-4D9F-AFE2-9B94E72468C8}.Release|Mixed Platforms.Build.0 = Release|Any CPU
		{5501042F-A420-4D9F-AFE2-9B94E72468C8}.Release|Win32.ActiveCfg = Release|Any CPU
		{113F2CBC-7153-49F0-929A-0E3989318DA9}.Debug|Any CPU.ActiveCfg = Debug|Any CPU
		{113F2CBC-7153-49F0-929A-0E3989318DA9}.Debug|Any CPU.Build.0 = Debug|Any CPU
		{113F2CBC-7153-49F0-929A-0E3989318DA9}.Debug|Mixed Platforms.ActiveCfg = Debug|Any CPU
		{113F2CBC-7153-49F0-929A-0E3989318DA9}.Debug|Mixed Platforms.Build.0 = Debug|Any CPU
		{113F2CBC-7153-49F0-929A-0E3989318DA9}.Debug|Win32.ActiveCfg = Debug|Any CPU
		{113F2CBC-7153-49F0-929A-0E3989318DA9}.Release|Any CPU.ActiveCfg = Release|Any CPU
		{113F2CBC-7153-49F0-929A-0E3989318DA9}.Release|Any CPU.Build.0 = Release|Any CPU
		{113F2CBC-7153-49F0-929A-0E3989318DA9}.Release|Mixed Platforms.ActiveCfg = Release|Any CPU
		{113F2CBC-7153-49F0-929A-0E3989318DA9}.Release|Mixed Platforms.Build.0 = Release|Any CPU
		{113F2CBC-7153-49F0-929A-0E3989318DA9}.Release|Win32.ActiveCfg = Release|Any CPU
		{484F301D-5A80-460C-8267-189C879A2FEA}.Debug|Any CPU.ActiveCfg = Debug|Win32
		{484F301D-5A80-460C-8267-189C879A2FEA}.Debug|Any CPU.Build.0 = Debug|Win32
		{484F301D-5A80-460C-8267-189C879A2FEA}.Debug|Mixed Platforms.ActiveCfg = Debug|Win32
		{484F301D-5A80-460C-8267-189C879A2FEA}.Debug|Mixed Platforms.Build.0 = Debug|Win32
		{484F301D-5A80-460C-8267-189C879A2FEA}.Debug|Win32.ActiveCfg = Debug|Win32
		{484F301D-5A80-460C-8267-189C879A2FEA}.Debug|Win32.Build.0 = Debug|Win32
		{484F301D-5A80-460C-8267-189C879A2FEA}.Release|Any CPU.ActiveCfg = Release|Win32
		{484F301D-5A80-460C-8267-189C879A2FEA}.Release|Any CPU.Build.0 = Release|Win32
		{484F301D-5A80-460C-8267-189C879A2FEA}.Release|Mixed Platforms.ActiveCfg = Release|Win32
		{484F301D-5A80-460C-8267-189C879A2FEA}.Release|Mixed Platforms.Build.0 = Release|Win32
		{484F301D-5A80-460C-8267-189C879A2FEA}.Release|Win32.ActiveCfg = Release|Win32
		{484F301D-5A80-460C-8267-189C879A2FEA}.Release|Win32.Build.0 = Release|Win32
		{1284A9F1-2693-4849-AAF1-085E7492CD2F}.Debug|Any CPU.ActiveCfg = Debug|Any CPU
		{1284A9F1-2693-4849-AAF1-085E7492CD2F}.Debug|Any CPU.Build.0 = Debug|Any CPU
		{1284A9F1-2693-4849-AAF1-085E7492CD2F}.Debug|Mixed Platforms.ActiveCfg = Debug|Any CPU
		{1284A9F1-2693-4849-AAF1-085E7492CD2F}.Debug|Mixed Platforms.Build.0 = Debug|Any CPU
		{1284A9F1-2693-4849-AAF1-085E7492CD2F}.Debug|Win32.ActiveCfg = Debug|Any CPU
		{1284A9F1-2693-4849-AAF1-085E7492CD2F}.Release|Any CPU.ActiveCfg = Release|Any CPU
		{1284A9F1-2693-4849-AAF1-085E7492CD2F}.Release|Any CPU.Build.0 = Release|Any CPU
		{1284A9F1-2693-4849-AAF1-085E7492CD2F}.Release|Mixed Platforms.ActiveCfg = Release|Any CPU
		{1284A9F1-2693-4849-AAF1-085E7492CD2F}.Release|Mixed Platforms.Build.0 = Release|Any CPU
		{1284A9F1-2693-4849-AAF1-085E7492CD2F}.Release|Win32.ActiveCfg = Release|Any CPU
	EndGlobalSection
	GlobalSection(SolutionProperties) = preSolution
		HideSolutionNode = FALSE
	EndGlobalSection
EndGlobal
